
Microsoft Visual Studio Solution File, Format Version 12.00
# Visual Studio Version 16
VisualStudioVersion = 16.0.30320.27
MinimumVisualStudioVersion = 10.0.40219.1
Project("{FAE04EC0-301F-11D3-BF4B-00C04F79EFBC}") = "LinkVibrationController.ConsoleApp", "LinkVibrationController.App\LinkVibrationController.ConsoleApp.csproj", "{40CB815B-0259-4336-A261-5C4DD6D3FBBA}"
EndProject
Project("{FAE04EC0-301F-11D3-BF4B-00C04F79EFBC}") = "LinkVibrationController", "LinkVibrationController\LinkVibrationController.csproj", "{3C1A93CA-372A-4347-962C-5C41D7A28B98}"
EndProject
Global
	GlobalSection(SolutionConfigurationPlatforms) = preSolution
		Debug|Any CPU = Debug|Any CPU
		Debug|ARM = Debug|ARM
		Debug|ARM64 = Debug|ARM64
		Debug|x64 = Debug|x64
		Debug|x86 = Debug|x86
		Release|Any CPU = Release|Any CPU
		Release|ARM = Release|ARM
		Release|ARM64 = Release|ARM64
		Release|x64 = Release|x64
		Release|x86 = Release|x86
	EndGlobalSection
	GlobalSection(ProjectConfigurationPlatforms) = postSolution
		{40CB815B-0259-4336-A261-5C4DD6D3FBBA}.Debug|Any CPU.ActiveCfg = Debug|Any CPU
		{40CB815B-0259-4336-A261-5C4DD6D3FBBA}.Debug|Any CPU.Build.0 = Debug|Any CPU
		{40CB815B-0259-4336-A261-5C4DD6D3FBBA}.Debug|ARM.ActiveCfg = Debug|Any CPU
		{40CB815B-0259-4336-A261-5C4DD6D3FBBA}.Debug|ARM.Build.0 = Debug|Any CPU
		{40CB815B-0259-4336-A261-5C4DD6D3FBBA}.Debug|ARM64.ActiveCfg = Debug|Any CPU
		{40CB815B-0259-4336-A261-5C4DD6D3FBBA}.Debug|ARM64.Build.0 = Debug|Any CPU
		{40CB815B-0259-4336-A261-5C4DD6D3FBBA}.Debug|x64.ActiveCfg = Debug|Any CPU
		{40CB815B-0259-4336-A261-5C4DD6D3FBBA}.Debug|x64.Build.0 = Debug|Any CPU
		{40CB815B-0259-4336-A261-5C4DD6D3FBBA}.Debug|x86.ActiveCfg = Debug|Any CPU
		{40CB815B-0259-4336-A261-5C4DD6D3FBBA}.Debug|x86.Build.0 = Debug|Any CPU
		{40CB815B-0259-4336-A261-5C4DD6D3FBBA}.Release|Any CPU.ActiveCfg = Release|Any CPU
		{40CB815B-0259-4336-A261-5C4DD6D3FBBA}.Release|Any CPU.Build.0 = Release|Any CPU
		{40CB815B-0259-4336-A261-5C4DD6D3FBBA}.Release|ARM.ActiveCfg = Release|Any CPU
		{40CB815B-0259-4336-A261-5C4DD6D3FBBA}.Release|ARM.Build.0 = Release|Any CPU
		{40CB815B-0259-4336-A261-5C4DD6D3FBBA}.Release|ARM64.ActiveCfg = Release|Any CPU
		{40CB815B-0259-4336-A261-5C4DD6D3FBBA}.Release|ARM64.Build.0 = Release|Any CPU
		{40CB815B-0259-4336-A261-5C4DD6D3FBBA}.Release|x64.ActiveCfg = Release|Any CPU
		{40CB815B-0259-4336-A261-5C4DD6D3FBBA}.Release|x64.Build.0 = Release|Any CPU
		{40CB815B-0259-4336-A261-5C4DD6D3FBBA}.Release|x86.ActiveCfg = Release|Any CPU
		{40CB815B-0259-4336-A261-5C4DD6D3FBBA}.Release|x86.Build.0 = Release|Any CPU
		{3C1A93CA-372A-4347-962C-5C41D7A28B98}.Debug|Any CPU.ActiveCfg = Debug|Any CPU
		{3C1A93CA-372A-4347-962C-5C41D7A28B98}.Debug|Any CPU.Build.0 = Debug|Any CPU
		{3C1A93CA-372A-4347-962C-5C41D7A28B98}.Debug|ARM.ActiveCfg = Debug|Any CPU
		{3C1A93CA-372A-4347-962C-5C41D7A28B98}.Debug|ARM.Build.0 = Debug|Any CPU
		{3C1A93CA-372A-4347-962C-5C41D7A28B98}.Debug|ARM64.ActiveCfg = Debug|Any CPU
		{3C1A93CA-372A-4347-962C-5C41D7A28B98}.Debug|ARM64.Build.0 = Debug|Any CPU
		{3C1A93CA-372A-4347-962C-5C41D7A28B98}.Debug|x64.ActiveCfg = Debug|Any CPU
		{3C1A93CA-372A-4347-962C-5C41D7A28B98}.Debug|x64.Build.0 = Debug|Any CPU
		{3C1A93CA-372A-4347-962C-5C41D7A28B98}.Debug|x86.ActiveCfg = Debug|Any CPU
		{3C1A93CA-372A-4347-962C-5C41D7A28B98}.Debug|x86.Build.0 = Debug|Any CPU
		{3C1A93CA-372A-4347-962C-5C41D7A28B98}.Release|Any CPU.ActiveCfg = Release|Any CPU
		{3C1A93CA-372A-4347-962C-5C41D7A28B98}.Release|Any CPU.Build.0 = Release|Any CPU
		{3C1A93CA-372A-4347-962C-5C41D7A28B98}.Release|ARM.ActiveCfg = Release|Any CPU
		{3C1A93CA-372A-4347-962C-5C41D7A28B98}.Release|ARM.Build.0 = Release|Any CPU
		{3C1A93CA-372A-4347-962C-5C41D7A28B98}.Release|ARM64.ActiveCfg = Release|Any CPU
		{3C1A93CA-372A-4347-962C-5C41D7A28B98}.Release|ARM64.Build.0 = Release|Any CPU
		{3C1A93CA-372A-4347-962C-5C41D7A28B98}.Release|x64.ActiveCfg = Release|Any CPU
		{3C1A93CA-372A-4347-962C-5C41D7A28B98}.Release|x64.Build.0 = Release|Any CPU
		{3C1A93CA-372A-4347-962C-5C41D7A28B98}.Release|x86.ActiveCfg = Release|Any CPU
		{3C1A93CA-372A-4347-962C-5C41D7A28B98}.Release|x86.Build.0 = Release|Any CPU
	EndGlobalSection
	GlobalSection(SolutionProperties) = preSolution
		HideSolutionNode = FALSE
	EndGlobalSection
	GlobalSection(ExtensibilityGlobals) = postSolution
		SolutionGuid = {768D8E61-0E52-4FCA-AD7C-380FDA7C16B0}
	EndGlobalSection
EndGlobal
